// !$*UTF8*$!
{
	archiveVersion = 1;
	classes = {
	};
	objectVersion = 50;
	objects = {

/* Begin PBXBuildFile section */
		1876ACE426F742A1000C8CD6 /* AppDelegate.swift in Sources */ = {isa = PBXBuildFile; fileRef = 1876ACE326F742A1000C8CD6 /* AppDelegate.swift */; };
		1876ACE626F742A1000C8CD6 /* SceneDelegate.swift in Sources */ = {isa = PBXBuildFile; fileRef = 1876ACE526F742A1000C8CD6 /* SceneDelegate.swift */; };
		1876ACE826F742A1000C8CD6 /* ViewController.swift in Sources */ = {isa = PBXBuildFile; fileRef = 1876ACE726F742A1000C8CD6 /* ViewController.swift */; };
		1876ACEB26F742A1000C8CD6 /* Main.storyboard in Resources */ = {isa = PBXBuildFile; fileRef = 1876ACE926F742A1000C8CD6 /* Main.storyboard */; };
		1876ACED26F742BA000C8CD6 /* Assets.xcassets in Resources */ = {isa = PBXBuildFile; fileRef = 1876ACEC26F742BA000C8CD6 /* Assets.xcassets */; };
		1876ACF026F742BA000C8CD6 /* LaunchScreen.storyboard in Resources */ = {isa = PBXBuildFile; fileRef = 1876ACEE26F742BA000C8CD6 /* LaunchScreen.storyboard */; };
		1876ACF926F78607000C8CD6 /* moon.png in Resources */ = {isa = PBXBuildFile; fileRef = 1876ACF726F78604000C8CD6 /* moon.png */; };
		1876ACFA26F78607000C8CD6 /* sun.jpeg in Resources */ = {isa = PBXBuildFile; fileRef = 1876ACF826F78606000C8CD6 /* sun.jpeg */; };
/* End PBXBuildFile section */

/* Begin PBXFileReference section */
		1876ACE026F742A1000C8CD6 /* iOSObjectsDemo.app */ = {isa = PBXFileReference; explicitFileType = wrapper.application; includeInIndex = 0; path = iOSObjectsDemo.app; sourceTree = BUILT_PRODUCTS_DIR; };
		1876ACE326F742A1000C8CD6 /* AppDelegate.swift */ = {isa = PBXFileReference; lastKnownFileType = sourcecode.swift; path = AppDelegate.swift; sourceTree = "<group>"; };
		1876ACE526F742A1000C8CD6 /* SceneDelegate.swift */ = {isa = PBXFileReference; lastKnownFileType = sourcecode.swift; path = SceneDelegate.swift; sourceTree = "<group>"; };
		1876ACE726F742A1000C8CD6 /* ViewController.swift */ = {isa = PBXFileReference; lastKnownFileType = sourcecode.swift; path = ViewController.swift; sourceTree = "<group>"; };
		1876ACEA26F742A1000C8CD6 /* Base */ = {isa = PBXFileReference; lastKnownFileType = file.storyboard; name = Base; path = Base.lproj/Main.storyboard; sourceTree = "<group>"; };
		1876ACEC26F742BA000C8CD6 /* Assets.xcassets */ = {isa = PBXFileReference; lastKnownFileType = folder.assetcatalog; path = Assets.xcassets; sourceTree = "<group>"; };
		1876ACEF26F742BA000C8CD6 /* Base */ = {isa = PBXFileReference; lastKnownFileType = file.storyboard; name = Base; path = Base.lproj/LaunchScreen.storyboard; sourceTree = "<group>"; };
		1876ACF126F742BA000C8CD6 /* Info.plist */ = {isa = PBXFileReference; lastKnownFileType = text.plist.xml; path = Info.plist; sourceTree = "<group>"; };
		1876ACF726F78604000C8CD6 /* moon.png */ = {isa = PBXFileReference; lastKnownFileType = image.png; path = moon.png; sourceTree = "<group>"; };
		1876ACF826F78606000C8CD6 /* sun.jpeg */ = {isa = PBXFileReference; lastKnownFileType = image.jpeg; path = sun.jpeg; sourceTree = "<group>"; };
/* End PBXFileReference section */

/* Begin PBXFrameworksBuildPhase section */
		1876ACDD26F742A1000C8CD6 /* Frameworks */ = {
			isa = PBXFrameworksBuildPhase;
			buildActionMask = 2147483647;
			files = (
			);
			runOnlyForDeploymentPostprocessing = 0;
		};
/* End PBXFrameworksBuildPhase section */

/* Begin PBXGroup section */
		1876ACD726F742A1000C8CD6 = {
			isa = PBXGroup;
			children = (
				1876ACE226F742A1000C8CD6 /* iOSObjectsDemo */,
				1876ACE126F742A1000C8CD6 /* Products */,
			);
			sourceTree = "<group>";
		};
		1876ACE126F742A1000C8CD6 /* Products */ = {
			isa = PBXGroup;
			children = (
				1876ACE026F742A1000C8CD6 /* iOSObjectsDemo.app */,
			);
			name = Products;
			sourceTree = "<group>";
		};
		1876ACE226F742A1000C8CD6 /* iOSObjectsDemo */ = {
			isa = PBXGroup;
			children = (
				1876ACE326F742A1000C8CD6 /* AppDelegate.swift */,
				1876ACE526F742A1000C8CD6 /* SceneDelegate.swift */,
				1876ACE726F742A1000C8CD6 /* ViewController.swift */,
				1876ACE926F742A1000C8CD6 /* Main.storyboard */,
				1876ACF726F78604000C8CD6 /* moon.png */,
				1876ACF826F78606000C8CD6 /* sun.jpeg */,
				1876ACEC26F742BA000C8CD6 /* Assets.xcassets */,
				1876ACEE26F742BA000C8CD6 /* LaunchScreen.storyboard */,
				1876ACF126F742BA000C8CD6 /* Info.plist */,
			);
			path = iOSObjectsDemo;
			sourceTree = "<group>";
		};
/* End PBXGroup section */

/* Begin PBXNativeTarget section */
		1876ACDF26F742A1000C8CD6 /* iOSObjectsDemo */ = {
			isa = PBXNativeTarget;
			buildConfigurationList = 1876ACF426F742BA000C8CD6 /* Build configuration list for PBXNativeTarget "iOSObjectsDemo" */;
			buildPhases = (
				1876ACDC26F742A1000C8CD6 /* Sources */,
				1876ACDD26F742A1000C8CD6 /* Frameworks */,
				1876ACDE26F742A1000C8CD6 /* Resources */,
			);
			buildRules = (
			);
			dependencies = (
			);
			name = iOSObjectsDemo;
			productName = iOSObjectsDemo;
			productReference = 1876ACE026F742A1000C8CD6 /* iOSObjectsDemo.app */;
			productType = "com.apple.product-type.application";
		};
/* End PBXNativeTarget section */

/* Begin PBXProject section */
		1876ACD826F742A1000C8CD6 /* Project object */ = {
			isa = PBXProject;
			attributes = {
				LastSwiftUpdateCheck = 1130;
				LastUpgradeCheck = 1130;
				ORGANIZATIONNAME = apple;
				TargetAttributes = {
					1876ACDF26F742A1000C8CD6 = {
						CreatedOnToolsVersion = 11.3.1;
					};
				};
			};
			buildConfigurationList = 1876ACDB26F742A1000C8CD6 /* Build configuration list for PBXProject "iOSObjectsDemo" */;
			compatibilityVersion = "Xcode 9.3";
			developmentRegion = en;
			hasScannedForEncodings = 0;
			knownRegions = (
				en,
				Base,
			);
			mainGroup = 1876ACD726F742A1000C8CD6;
			productRefGroup = 1876ACE126F742A1000C8CD6 /* Products */;
			projectDirPath = "";
			projectRoot = "";
			targets = (
				1876ACDF26F742A1000C8CD6 /* iOSObjectsDemo */,
			);
		};
/* End PBXProject section */

/* Begin PBXResourcesBuildPhase section */
		1876ACDE26F742A1000C8CD6 /* Resources */ = {
			isa = PBXResourcesBuildPhase;
			buildActionMask = 2147483647;
			files = (
				1876ACFA26F78607000C8CD6 /* sun.jpeg in Resources */,
				1876ACF926F78607000C8CD6 /* moon.png in Resources */,
				1876ACF026F742BA000C8CD6 /* LaunchScreen.storyboard in Resources */,
				1876ACED26F742BA000C8CD6 /* Assets.xcassets in Resources */,
				1876ACEB26F742A1000C8CD6 /* Main.storyboard in Resources */,
			);
			runOnlyForDeploymentPostprocessing = 0;
		};
/* End PBXResourcesBuildPhase section */

/* Begin PBXSourcesBuildPhase section */
		1876ACDC26F742A1000C8CD6 /* Sources */ = {
			isa = PBXSourcesBuildPhase;
			buildActionMask = 2147483647;
			files = (
				1876ACE826F742A1000C8CD6 /* ViewController.swift in Sources */,
				1876ACE426F742A1000C8CD6 /* AppDelegate.swift in Sources */,
				1876ACE626F742A1000C8CD6 /* SceneDelegate.swift in Sources */,
			);
			runOnlyForDeploymentPostprocessing = 0;
		};
/* End PBXSourcesBuildPhase section */

/* Begin PBXVariantGroup section */
		1876ACE926F742A1000C8CD6 /* Main.storyboard */ = {
			isa = PBXVariantGroup;
			children = (
				1876ACEA26F742A1000C8CD6 /* Base */,
			);
			name = Main.storyboard;
			sourceTree = "<group>";
		};
		1876ACEE26F742BA000C8CD6 /* LaunchScreen.storyboard */ = {
			isa = PBXVariantGroup;
			children = (
				1876ACEF26F742BA000C8CD6 /* Base */,
			);
			name = LaunchScreen.storyboard;
			sourceTree = "<group>";
		};
/* End PBXVariantGroup section */

/* Begin XCBuildConfiguration section */
		1876ACF226F742BA000C8CD6 /* Debug */ = {
			isa = XCBuildConfiguration;
			buildSettings = {
				ALWAYS_SEARCH_USER_PATHS = NO;
				CLANG_ANALYZER_NONNULL = YES;
				CLANG_ANALYZER_NUMBER_OBJECT_CONVERSION = YES_AGGRESSIVE;
				CLANG_CXX_LANGUAGE_STANDARD = "gnu++14";
				CLANG_CXX_LIBRARY = "libc++";
				CLANG_ENABLE_MODULES = YES;
				CLANG_ENABLE_OBJC_ARC = YES;
				CLANG_ENABLE_OBJC_WEAK = YES;
				CLANG_WARN_BLOCK_CAPTURE_AUTORELEASING = YES;
				CLANG_WARN_BOOL_CONVERSION = YES;
				CLANG_WARN_COMMA = YES;
				CLANG_WARN_CONSTANT_CONVERSION = YES;
				CLANG_WARN_DEPRECATED_OBJC_IMPLEMENTATIONS = YES;
				CLANG_WARN_DIRECT_OBJC_ISA_USAGE = YES_ERROR;
				CLANG_WARN_DOCUMENTATION_COMMENTS = YES;
				CLANG_WARN_EMPTY_BODY = YES;
				CLANG_WARN_ENUM_CONVERSION = YES;
				CLANG_WARN_INFINITE_RECURSION = YES;
				CLANG_WARN_INT_CONVERSION = YES;
				CLANG_WARN_NON_LITERAL_NULL_CONVERSION = YES;
				CLANG_WARN_OBJC_IMPLICIT_RETAIN_SELF = YES;
				CLANG_WARN_OBJC_LITERAL_CONVERSION = YES;
				CLANG_WARN_OBJC_ROOT_CLASS = YES_ERROR;
				CLANG_WARN_RANGE_LOOP_ANALYSIS = YES;
				CLANG_WARN_STRICT_PROTOTYPES = YES;
				CLANG_WARN_SUSPICIOUS_MOVE = YES;
				CLANG_WARN_UNGUARDED_AVAILABILITY = YES_AGGRESSIVE;
				CLANG_WARN_UNREACHABLE_CODE = YES;
				CLANG_WARN__DUPLICATE_METHOD_MATCH = YES;
				COPY_PHASE_STRIP = NO;
				DEBUG_INFORMATION_FORMAT = dwarf;
				ENABLE_STRICT_OBJC_MSGSEND = YES;
				ENABLE_TESTABILITY = YES;
				GCC_C_LANGUAGE_STANDARD = gnu11;
				GCC_DYNAMIC_NO_PIC = NO;
				GCC_NO_COMMON_BLOCKS = YES;
				GCC_OPTIMIZATION_LEVEL = 0;
				GCC_PREPROCESSOR_DEFINITIONS = (
					"DEBUG=1",
					"$(inherited)",
				);
				GCC_WARN_64_TO_32_BIT_CONVERSION = YES;
				GCC_WARN_ABOUT_RETURN_TYPE = YES_ERROR;
				GCC_WARN_UNDECLARED_SELECTOR = YES;
				GCC_WARN_UNINITIALIZED_AUTOS = YES_AGGRESSIVE;
				GCC_WARN_UNUSED_FUNCTION = YES;
				GCC_WARN_UNUSED_VARIABLE = YES;
				IPHONEOS_DEPLOYMENT_TARGET = 13.2;
				MTL_ENABLE_DEBUG_INFO = INCLUDE_SOURCE;
				MTL_FAST_MATH = YES;
				ONLY_ACTIVE_ARCH = YES;
				SDKROOT = iphoneos;
				SWIFT_ACTIVE_COMPILATION_CONDITIONS = DEBUG;
				SWIFT_OPTIMIZATION_LEVEL = "-Onone";
			};
			name = Debug;
		};
		1876ACF326F742BA000C8CD6 /* Release */ = {
			isa = XCBuildConfiguration;
			buildSettings = {
				ALWAYS_SEARCH_USER_PATHS = NO;
				CLANG_ANALYZER_NONNULL = YES;
				CLANG_ANALYZER_NUMBER_OBJECT_CONVERSION = YES_AGGRESSIVE;
				CLANG_CXX_LANGUAGE_STANDARD = "gnu++14";
				CLANG_CXX_LIBRARY = "libc++";
				CLANG_ENABLE_MODULES = YES;
				CLANG_ENABLE_OBJC_ARC = YES;
				CLANG_ENABLE_OBJC_WEAK = YES;
				CLANG_WARN_BLOCK_CAPTURE_AUTORELEASING = YES;
				CLANG_WARN_BOOL_CONVERSION = YES;
				CLANG_WARN_COMMA = YES;
				CLANG_WARN_CONSTANT_CONVERSION = YES;
				CLANG_WARN_DEPRECATED_OBJC_IMPLEMENTATIONS = YES;
				CLANG_WARN_DIRECT_OBJC_ISA_USAGE = YES_ERROR;
				CLANG_WARN_DOCUMENTATION_COMMENTS = YES;
				CLANG_WARN_EMPTY_BODY = YES;
				CLANG_WARN_ENUM_CONVERSION = YES;
				CLANG_WARN_INFINITE_RECURSION = YES;
				CLANG_WARN_INT_CONVERSION = YES;
				CLANG_WARN_NON_LITERAL_NULL_CONVERSION = YES;
				CLANG_WARN_OBJC_IMPLICIT_RETAIN_SELF = YES;
				CLANG_WARN_OBJC_LITERAL_CONVERSION = YES;
				CLANG_WARN_OBJC_ROOT_CLASS = YES_ERROR;
				CLANG_WARN_RANGE_LOOP_ANALYSIS = YES;
				CLANG_WARN_STRICT_PROTOTYPES = YES;
				CLANG_WARN_SUSPICIOUS_MOVE = YES;
				CLANG_WARN_UNGUARDED_AVAILABILITY = YES_AGGRESSIVE;
				CLANG_WARN_UNREACHABLE_CODE = YES;
				CLANG_WARN__DUPLICATE_METHOD_MATCH = YES;
				COPY_PHASE_STRIP = NO;
				DEBUG_INFORMATION_FORMAT = "dwarf-with-dsym";
				ENABLE_NS_ASSERTIONS = NO;
				ENABLE_STRICT_OBJC_MSGSEND = YES;
				GCC_C_LANGUAGE_STANDARD = gnu11;
				GCC_NO_COMMON_BLOCKS = YES;
				GCC_WARN_64_TO_32_BIT_CONVERSION = YES;
				GCC_WARN_ABOUT_RETURN_TYPE = YES_ERROR;
				GCC_WARN_UNDECLARED_SELECTOR = YES;
				GCC_WARN_UNINITIALIZED_AUTOS = YES_AGGRESSIVE;
				GCC_WARN_UNUSED_FUNCTION = YES;
				GCC_WARN_UNUSED_VARIABLE = YES;
				IPHONEOS_DEPLOYMENT_TARGET = 13.2;
				MTL_ENABLE_DEBUG_INFO = NO;
				MTL_FAST_MATH = YES;
				SDKROOT = iphoneos;
				SWIFT_COMPILATION_MODE = wholemodule;
				SWIFT_OPTIMIZATION_LEVEL = "-O";
				VALIDATE_PRODUCT = YES;
			};
			name = Release;
		};
		1876ACF526F742BA000C8CD6 /* Debug */ = {
			isa = XCBuildConfiguration;
			buildSettings = {
				ASSETCATALOG_COMPILER_APPICON_NAME = AppIcon;
				CODE_SIGN_STYLE = Automatic;
				INFOPLIST_FILE = iOSObjectsDemo/Info.plist;
				IPHONEOS_DEPLOYMENT_TARGET = 13.2;
				LD_RUNPATH_SEARCH_PATHS = (
					"$(inherited)",
					"@executable_path/Frameworks",
				);
				PRODUCT_BUNDLE_IDENTIFIER = apple.iOSObjectsDemo;
				PRODUCT_NAME = "$(TARGET_NAME)";
				SWIFT_VERSION = 5.0;
				TARGETED_DEVICE_FAMILY = "1,2";
			};
			name = Debug;
		};
		1876ACF626F742BA000C8CD6 /* Release */ = {
			isa = XCBuildConfiguration;
			buildSettings = {
				ASSETCATALOG_COMPILER_APPICON_NAME = AppIcon;
				CODE_SIGN_STYLE = Automatic;
				INFOPLIST_FILE = iOSObjectsDemo/Info.plist;
				IPHONEOS_DEPLOYMENT_TARGET = 13.2;
				LD_RUNPATH_SEARCH_PATHS = (
					"$(inherited)",
					"@executable_path/Frameworks",
				);
				PRODUCT_BUNDLE_IDENTIFIER = apple.iOSObjectsDemo;
				PRODUCT_NAME = "$(TARGET_NAME)";
				SWIFT_VERSION = 5.0;
				TARGETED_DEVICE_FAMILY = "1,2";
			};
			name = Release;
		};
/* End XCBuildConfiguration section */

/* Begin XCConfigurationList section */
		1876ACDB26F742A1000C8CD6 /* Build configuration list for PBXProject "iOSObjectsDemo" */ = {
			isa = XCConfigurationList;
			buildConfigurations = (
				1876ACF226F742BA000C8CD6 /* Debug */,
				1876ACF326F742BA000C8CD6 /* Release */,
			);
			defaultConfigurationIsVisible = 0;
			defaultConfigurationName = Release;
		};
		1876ACF426F742BA000C8CD6 /* Build configuration list for PBXNativeTarget "iOSObjectsDemo" */ = {
			isa = XCConfigurationList;
			buildConfigurations = (
				1876ACF526F742BA000C8CD6 /* Debug */,
				1876ACF626F742BA000C8CD6 /* Release */,
			);
			defaultConfigurationIsVisible = 0;
			defaultConfigurationName = Release;
		};
/* End XCConfigurationList section */
	};
	rootObject = 1876ACD826F742A1000C8CD6 /* Project object */;
}
